
Microsoft Visual Studio Solution File, Format Version 12.00
# Visual Studio Version 17
VisualStudioVersion = 17.4.33403.182
MinimumVisualStudioVersion = 10.0.40219.1
Project("{FAE04EC0-301F-11D3-BF4B-00C04F79EFBC}") = "ClickerBestV0", "ClickerBestV0\ClickerBestV0.csproj", "{ED7BE1CC-B104-44F0-BFDC-8F72AC0961F4}"
EndProject
Global
	GlobalSection(SolutionConfigurationPlatforms) = preSolution
		Debug|Any CPU = Debug|Any CPU
		Release|Any CPU = Release|Any CPU
	EndGlobalSection
	GlobalSection(ProjectConfigurationPlatforms) = postSolution
		{ED7BE1CC-B104-44F0-BFDC-8F72AC0961F4}.Debug|Any CPU.ActiveCfg = Debug|Any CPU
		{ED7BE1CC-B104-44F0-BFDC-8F72AC0961F4}.Debug|Any CPU.Build.0 = Debug|Any CPU
		{ED7BE1CC-B104-44F0-BFDC-8F72AC0961F4}.Release|Any CPU.ActiveCfg = Release|Any CPU
		{ED7BE1CC-B104-44F0-BFDC-8F72AC0961F4}.Release|Any CPU.Build.0 = Release|Any CPU
	EndGlobalSection
	GlobalSection(SolutionProperties) = preSolution
		HideSolutionNode = FALSE
	EndGlobalSection
	GlobalSection(ExtensibilityGlobals) = postSolution
		SolutionGuid = {B855F9A2-91A7-4A68-B3E5-FFF08C069119}
	EndGlobalSection
EndGlobal
